
Microsoft Visual Studio Solution File, Format Version 12.00
# Visual Studio 15
VisualStudioVersion = 15.0.27703.2026
MinimumVisualStudioVersion = 10.0.40219.1
Project("{FAE04EC0-301F-11D3-BF4B-00C04F79EFBC}") = "AmirFeder", "AmirFeder\AmirFeder.csproj", "{8BE55C16-13F5-4647-80B1-CD844E27DF0A}"
EndProject
Global
	GlobalSection(SolutionConfigurationPlatforms) = preSolution
		Debug|Any CPU = Debug|Any CPU
		Release|Any CPU = Release|Any CPU
	EndGlobalSection
	GlobalSection(ProjectConfigurationPlatforms) = postSolution
		{8BE55C16-13F5-4647-80B1-CD844E27DF0A}.Debug|Any CPU.ActiveCfg = Debug|Any CPU
		{8BE55C16-13F5-4647-80B1-CD844E27DF0A}.Debug|Any CPU.Build.0 = Debug|Any CPU
		{8BE55C16-13F5-4647-80B1-CD844E27DF0A}.Release|Any CPU.ActiveCfg = Release|Any CPU
		{8BE55C16-13F5-4647-80B1-CD844E27DF0A}.Release|Any CPU.Build.0 = Release|Any CPU
	EndGlobalSection
	GlobalSection(SolutionProperties) = preSolution
		HideSolutionNode = FALSE
	EndGlobalSection
	GlobalSection(ExtensibilityGlobals) = postSolution
		SolutionGuid = {4D1A012A-7A88-44CC-BD2C-67B0C29F70F6}
	EndGlobalSection
EndGlobal
